
Microsoft Visual Studio Solution File, Format Version 12.00
# Visual Studio Version 17
VisualStudioVersion = 17.4.33110.190
MinimumVisualStudioVersion = 10.0.40219.1
Project("{9092AA53-FB77-4645-B42D-1CCCA6BD08BD}") = "NodejsApp1", "NodejsApp1.njsproj", "{A9615204-CD24-4273-A610-0D96BEFABECA}"
EndProject
Global
	GlobalSection(SolutionConfigurationPlatforms) = preSolution
		Debug|Any CPU = Debug|Any CPU
		Release|Any CPU = Release|Any CPU
	EndGlobalSection
	GlobalSection(ProjectConfigurationPlatforms) = postSolution
		{A9615204-CD24-4273-A610-0D96BEFABECA}.Debug|Any CPU.ActiveCfg = Debug|Any CPU
		{A9615204-CD24-4273-A610-0D96BEFABECA}.Debug|Any CPU.Build.0 = Debug|Any CPU
		{A9615204-CD24-4273-A610-0D96BEFABECA}.Release|Any CPU.ActiveCfg = Release|Any CPU
		{A9615204-CD24-4273-A610-0D96BEFABECA}.Release|Any CPU.Build.0 = Release|Any CPU
	EndGlobalSection
	GlobalSection(SolutionProperties) = preSolution
		HideSolutionNode = FALSE
	EndGlobalSection
	GlobalSection(ExtensibilityGlobals) = postSolution
		SolutionGuid = {E74792BF-4213-4CD2-9364-8B9578D6C7AB}
	EndGlobalSection
EndGlobal
